// !$*UTF8*$!
{
	archiveVersion = 1;
	classes = {
	};
	objectVersion = 48;
	objects = {

/* Begin PBXBuildFile section */
		69B220A620440F7D00D4F368 /* CustomTextViewController.swift in Sources */ = {isa = PBXBuildFile; fileRef = 69B220A520440F7D00D4F368 /* CustomTextViewController.swift */; };
		69B937B9203AE4B900F09D7A /* MainViewController.swift in Sources */ = {isa = PBXBuildFile; fileRef = 69B937B8203AE4B900F09D7A /* MainViewController.swift */; };
		69B937BA203AE68900F09D7A /* AppGroupStore.framework in Frameworks */ = {isa = PBXBuildFile; fileRef = 69B937AF203AE23200F09D7A /* AppGroupStore.framework */; };
		69B937BB203AE68900F09D7A /* AppGroupStore.framework in Embed Frameworks */ = {isa = PBXBuildFile; fileRef = 69B937AF203AE23200F09D7A /* AppGroupStore.framework */; settings = {ATTRIBUTES = (CodeSignOnCopy, RemoveHeadersOnCopy, ); }; };
		69D445DD203AD01A00DAFD9A /* AppDelegate.swift in Sources */ = {isa = PBXBuildFile; fileRef = 69D445DC203AD01A00DAFD9A /* AppDelegate.swift */; };
		69D445E2203AD01A00DAFD9A /* Main.storyboard in Resources */ = {isa = PBXBuildFile; fileRef = 69D445E0203AD01A00DAFD9A /* Main.storyboard */; };
		69D445E4203AD01A00DAFD9A /* Assets.xcassets in Resources */ = {isa = PBXBuildFile; fileRef = 69D445E3203AD01A00DAFD9A /* Assets.xcassets */; };
		69D445E7203AD01A00DAFD9A /* LaunchScreen.storyboard in Resources */ = {isa = PBXBuildFile; fileRef = 69D445E5203AD01A00DAFD9A /* LaunchScreen.storyboard */; };
/* End PBXBuildFile section */

/* Begin PBXContainerItemProxy section */
		69B937AE203AE23200F09D7A /* PBXContainerItemProxy */ = {
			isa = PBXContainerItemProxy;
			containerPortal = 69B937AA203AE23200F09D7A /* AppGroupStore.xcodeproj */;
			proxyType = 2;
			remoteGlobalIDString = 69B93794203AE1E400F09D7A;
			remoteInfo = AppGroupStore;
		};
		69B937BC203AE68900F09D7A /* PBXContainerItemProxy */ = {
			isa = PBXContainerItemProxy;
			containerPortal = 69B937AA203AE23200F09D7A /* AppGroupStore.xcodeproj */;
			proxyType = 1;
			remoteGlobalIDString = 69B93793203AE1E400F09D7A;
			remoteInfo = AppGroupStore;
		};
/* End PBXContainerItemProxy section */

/* Begin PBXCopyFilesBuildPhase section */
		69B937BE203AE68900F09D7A /* Embed Frameworks */ = {
			isa = PBXCopyFilesBuildPhase;
			buildActionMask = 2147483647;
			dstPath = "";
			dstSubfolderSpec = 10;
			files = (
				69B937BB203AE68900F09D7A /* AppGroupStore.framework in Embed Frameworks */,
			);
			name = "Embed Frameworks";
			runOnlyForDeploymentPostprocessing = 0;
		};
/* End PBXCopyFilesBuildPhase section */

/* Begin PBXFileReference section */
		69B220A520440F7D00D4F368 /* CustomTextViewController.swift */ = {isa = PBXFileReference; lastKnownFileType = sourcecode.swift; path = CustomTextViewController.swift; sourceTree = "<group>"; };
		69B937AA203AE23200F09D7A /* AppGroupStore.xcodeproj */ = {isa = PBXFileReference; lastKnownFileType = "wrapper.pb-project"; name = AppGroupStore.xcodeproj; path = ../AppGroupStore/AppGroupStore.xcodeproj; sourceTree = "<group>"; };
		69B937B7203AE45F00F09D7A /* AppGroupConf.entitlements */ = {isa = PBXFileReference; lastKnownFileType = text.plist.entitlements; path = AppGroupConf.entitlements; sourceTree = "<group>"; };
		69B937B8203AE4B900F09D7A /* MainViewController.swift */ = {isa = PBXFileReference; lastKnownFileType = sourcecode.swift; path = MainViewController.swift; sourceTree = "<group>"; };
		69D445D9203AD01A00DAFD9A /* AppGroupConf.app */ = {isa = PBXFileReference; explicitFileType = wrapper.application; includeInIndex = 0; path = AppGroupConf.app; sourceTree = BUILT_PRODUCTS_DIR; };
		69D445DC203AD01A00DAFD9A /* AppDelegate.swift */ = {isa = PBXFileReference; lastKnownFileType = sourcecode.swift; path = AppDelegate.swift; sourceTree = "<group>"; };
		69D445E1203AD01A00DAFD9A /* Base */ = {isa = PBXFileReference; lastKnownFileType = file.storyboard; name = Base; path = Base.lproj/Main.storyboard; sourceTree = "<group>"; };
		69D445E3203AD01A00DAFD9A /* Assets.xcassets */ = {isa = PBXFileReference; lastKnownFileType = folder.assetcatalog; path = Assets.xcassets; sourceTree = "<group>"; };
		69D445E6203AD01A00DAFD9A /* Base */ = {isa = PBXFileReference; lastKnownFileType = file.storyboard; name = Base; path = Base.lproj/LaunchScreen.storyboard; sourceTree = "<group>"; };
		69D445E8203AD01A00DAFD9A /* Info.plist */ = {isa = PBXFileReference; lastKnownFileType = text.plist.xml; path = Info.plist; sourceTree = "<group>"; };
/* End PBXFileReference section */

/* Begin PBXFrameworksBuildPhase section */
		69D445D6203AD01A00DAFD9A /* Frameworks */ = {
			isa = PBXFrameworksBuildPhase;
			buildActionMask = 2147483647;
			files = (
				69B937BA203AE68900F09D7A /* AppGroupStore.framework in Frameworks */,
			);
			runOnlyForDeploymentPostprocessing = 0;
		};
/* End PBXFrameworksBuildPhase section */

/* Begin PBXGroup section */
		69B220A420440F6D00D4F368 /* CustomText */ = {
			isa = PBXGroup;
			children = (
				69B220A520440F7D00D4F368 /* CustomTextViewController.swift */,
			);
			path = CustomText;
			sourceTree = "<group>";
		};
		69B937AB203AE23200F09D7A /* Products */ = {
			isa = PBXGroup;
			children = (
				69B937AF203AE23200F09D7A /* AppGroupStore.framework */,
			);
			name = Products;
			sourceTree = "<group>";
		};
		69D445D0203AD01A00DAFD9A = {
			isa = PBXGroup;
			children = (
				69B937AA203AE23200F09D7A /* AppGroupStore.xcodeproj */,
				69D445DB203AD01A00DAFD9A /* AppGroupConf */,
				69D445DA203AD01A00DAFD9A /* Products */,
			);
			sourceTree = "<group>";
		};
		69D445DA203AD01A00DAFD9A /* Products */ = {
			isa = PBXGroup;
			children = (
				69D445D9203AD01A00DAFD9A /* AppGroupConf.app */,
			);
			name = Products;
			sourceTree = "<group>";
		};
		69D445DB203AD01A00DAFD9A /* AppGroupConf */ = {
			isa = PBXGroup;
			children = (
				69B937B7203AE45F00F09D7A /* AppGroupConf.entitlements */,
				69D445DC203AD01A00DAFD9A /* AppDelegate.swift */,
				69B937B8203AE4B900F09D7A /* MainViewController.swift */,
				69D445E0203AD01A00DAFD9A /* Main.storyboard */,
				69B220A420440F6D00D4F368 /* CustomText */,
				69D445E3203AD01A00DAFD9A /* Assets.xcassets */,
				69D445E5203AD01A00DAFD9A /* LaunchScreen.storyboard */,
				69D445E8203AD01A00DAFD9A /* Info.plist */,
			);
			path = AppGroupConf;
			sourceTree = "<group>";
		};
/* End PBXGroup section */

/* Begin PBXNativeTarget section */
		69D445D8203AD01A00DAFD9A /* AppGroupConf */ = {
			isa = PBXNativeTarget;
			buildConfigurationList = 69D445EB203AD01A00DAFD9A /* Build configuration list for PBXNativeTarget "AppGroupConf" */;
			buildPhases = (
				69D445D5203AD01A00DAFD9A /* Sources */,
				69D445D6203AD01A00DAFD9A /* Frameworks */,
				69D445D7203AD01A00DAFD9A /* Resources */,
				69B937BE203AE68900F09D7A /* Embed Frameworks */,
			);
			buildRules = (
			);
			dependencies = (
				69B937BD203AE68900F09D7A /* PBXTargetDependency */,
			);
			name = AppGroupConf;
			productName = AppGroupConf;
			productReference = 69D445D9203AD01A00DAFD9A /* AppGroupConf.app */;
			productType = "com.apple.product-type.application";
		};
/* End PBXNativeTarget section */

/* Begin PBXProject section */
		69D445D1203AD01A00DAFD9A /* Project object */ = {
			isa = PBXProject;
			attributes = {
				LastSwiftUpdateCheck = 0920;
				LastUpgradeCheck = 0920;
				ORGANIZATIONNAME = "Thomas LEVY";
				TargetAttributes = {
					69D445D8203AD01A00DAFD9A = {
						CreatedOnToolsVersion = 9.2;
						ProvisioningStyle = Automatic;
						SystemCapabilities = {
							com.apple.ApplicationGroups.iOS = {
								enabled = 1;
							};
						};
					};
				};
			};
			buildConfigurationList = 69D445D4203AD01A00DAFD9A /* Build configuration list for PBXProject "AppGroupConf" */;
			compatibilityVersion = "Xcode 8.0";
			developmentRegion = en;
			hasScannedForEncodings = 0;
			knownRegions = (
				en,
				Base,
			);
			mainGroup = 69D445D0203AD01A00DAFD9A;
			productRefGroup = 69D445DA203AD01A00DAFD9A /* Products */;
			projectDirPath = "";
			projectReferences = (
				{
					ProductGroup = 69B937AB203AE23200F09D7A /* Products */;
					ProjectRef = 69B937AA203AE23200F09D7A /* AppGroupStore.xcodeproj */;
				},
			);
			projectRoot = "";
			targets = (
				69D445D8203AD01A00DAFD9A /* AppGroupConf */,
			);
		};
/* End PBXProject section */

/* Begin PBXReferenceProxy section */
		69B937AF203AE23200F09D7A /* AppGroupStore.framework */ = {
			isa = PBXReferenceProxy;
			fileType = wrapper.framework;
			path = AppGroupStore.framework;
			remoteRef = 69B937AE203AE23200F09D7A /* PBXContainerItemProxy */;
			sourceTree = BUILT_PRODUCTS_DIR;
		};
/* End PBXReferenceProxy section */

/* Begin PBXResourcesBuildPhase section */
		69D445D7203AD01A00DAFD9A /* Resources */ = {
			isa = PBXResourcesBuildPhase;
			buildActionMask = 2147483647;
			files = (
				69D445E7203AD01A00DAFD9A /* LaunchScreen.storyboard in Resources */,
				69D445E4203AD01A00DAFD9A /* Assets.xcassets in Resources */,
				69D445E2203AD01A00DAFD9A /* Main.storyboard in Resources */,
			);
			runOnlyForDeploymentPostprocessing = 0;
		};
/* End PBXResourcesBuildPhase section */

/* Begin PBXSourcesBuildPhase section */
		69D445D5203AD01A00DAFD9A /* Sources */ = {
			isa = PBXSourcesBuildPhase;
			buildActionMask = 2147483647;
			files = (
				69B220A620440F7D00D4F368 /* CustomTextViewController.swift in Sources */,
				69D445DD203AD01A00DAFD9A /* AppDelegate.swift in Sources */,
				69B937B9203AE4B900F09D7A /* MainViewController.swift in Sources */,
			);
			runOnlyForDeploymentPostprocessing = 0;
		};
/* End PBXSourcesBuildPhase section */

/* Begin PBXTargetDependency section */
		69B937BD203AE68900F09D7A /* PBXTargetDependency */ = {
			isa = PBXTargetDependency;
			name = AppGroupStore;
			targetProxy = 69B937BC203AE68900F09D7A /* PBXContainerItemProxy */;
		};
/* End PBXTargetDependency section */

/* Begin PBXVariantGroup section */
		69D445E0203AD01A00DAFD9A /* Main.storyboard */ = {
			isa = PBXVariantGroup;
			children = (
				69D445E1203AD01A00DAFD9A /* Base */,
			);
			name = Main.storyboard;
			sourceTree = "<group>";
		};
		69D445E5203AD01A00DAFD9A /* LaunchScreen.storyboard */ = {
			isa = PBXVariantGroup;
			children = (
				69D445E6203AD01A00DAFD9A /* Base */,
			);
			name = LaunchScreen.storyboard;
			sourceTree = "<group>";
		};
/* End PBXVariantGroup section */

/* Begin XCBuildConfiguration section */
		69D445E9203AD01A00DAFD9A /* Debug */ = {
			isa = XCBuildConfiguration;
			buildSettings = {
				ALWAYS_SEARCH_USER_PATHS = NO;
				CLANG_ANALYZER_NONNULL = YES;
				CLANG_ANALYZER_NUMBER_OBJECT_CONVERSION = YES_AGGRESSIVE;
				CLANG_CXX_LANGUAGE_STANDARD = "gnu++14";
				CLANG_CXX_LIBRARY = "libc++";
				CLANG_ENABLE_MODULES = YES;
				CLANG_ENABLE_OBJC_ARC = YES;
				CLANG_WARN_BLOCK_CAPTURE_AUTORELEASING = YES;
				CLANG_WARN_BOOL_CONVERSION = YES;
				CLANG_WARN_COMMA = YES;
				CLANG_WARN_CONSTANT_CONVERSION = YES;
				CLANG_WARN_DIRECT_OBJC_ISA_USAGE = YES_ERROR;
				CLANG_WARN_DOCUMENTATION_COMMENTS = YES;
				CLANG_WARN_EMPTY_BODY = YES;
				CLANG_WARN_ENUM_CONVERSION = YES;
				CLANG_WARN_INFINITE_RECURSION = YES;
				CLANG_WARN_INT_CONVERSION = YES;
				CLANG_WARN_NON_LITERAL_NULL_CONVERSION = YES;
				CLANG_WARN_OBJC_LITERAL_CONVERSION = YES;
				CLANG_WARN_OBJC_ROOT_CLASS = YES_ERROR;
				CLANG_WARN_RANGE_LOOP_ANALYSIS = YES;
				CLANG_WARN_STRICT_PROTOTYPES = YES;
				CLANG_WARN_SUSPICIOUS_MOVE = YES;
				CLANG_WARN_UNGUARDED_AVAILABILITY = YES_AGGRESSIVE;
				CLANG_WARN_UNREACHABLE_CODE = YES;
				CLANG_WARN__DUPLICATE_METHOD_MATCH = YES;
				CODE_SIGN_IDENTITY = "iPhone Developer";
				COPY_PHASE_STRIP = NO;
				DEBUG_INFORMATION_FORMAT = dwarf;
				ENABLE_STRICT_OBJC_MSGSEND = YES;
				ENABLE_TESTABILITY = YES;
				GCC_C_LANGUAGE_STANDARD = gnu11;
				GCC_DYNAMIC_NO_PIC = NO;
				GCC_NO_COMMON_BLOCKS = YES;
				GCC_OPTIMIZATION_LEVEL = 0;
				GCC_PREPROCESSOR_DEFINITIONS = (
					"DEBUG=1",
					"$(inherited)",
				);
				GCC_WARN_64_TO_32_BIT_CONVERSION = YES;
				GCC_WARN_ABOUT_RETURN_TYPE = YES_ERROR;
				GCC_WARN_UNDECLARED_SELECTOR = YES;
				GCC_WARN_UNINITIALIZED_AUTOS = YES_AGGRESSIVE;
				GCC_WARN_UNUSED_FUNCTION = YES;
				GCC_WARN_UNUSED_VARIABLE = YES;
				IPHONEOS_DEPLOYMENT_TARGET = 11.2;
				MTL_ENABLE_DEBUG_INFO = YES;
				ONLY_ACTIVE_ARCH = YES;
				SDKROOT = iphoneos;
				SWIFT_ACTIVE_COMPILATION_CONDITIONS = DEBUG;
				SWIFT_OPTIMIZATION_LEVEL = "-Onone";
			};
			name = Debug;
		};
		69D445EA203AD01A00DAFD9A /* Release */ = {
			isa = XCBuildConfiguration;
			buildSettings = {
				ALWAYS_SEARCH_USER_PATHS = NO;
				CLANG_ANALYZER_NONNULL = YES;
				CLANG_ANALYZER_NUMBER_OBJECT_CONVERSION = YES_AGGRESSIVE;
				CLANG_CXX_LANGUAGE_STANDARD = "gnu++14";
				CLANG_CXX_LIBRARY = "libc++";
				CLANG_ENABLE_MODULES = YES;
				CLANG_ENABLE_OBJC_ARC = YES;
				CLANG_WARN_BLOCK_CAPTURE_AUTORELEASING = YES;
				CLANG_WARN_BOOL_CONVERSION = YES;
				CLANG_WARN_COMMA = YES;
				CLANG_WARN_CONSTANT_CONVERSION = YES;
				CLANG_WARN_DIRECT_OBJC_ISA_USAGE = YES_ERROR;
				CLANG_WARN_DOCUMENTATION_COMMENTS = YES;
				CLANG_WARN_EMPTY_BODY = YES;
				CLANG_WARN_ENUM_CONVERSION = YES;
				CLANG_WARN_INFINITE_RECURSION = YES;
				CLANG_WARN_INT_CONVERSION = YES;
				CLANG_WARN_NON_LITERAL_NULL_CONVERSION = YES;
				CLANG_WARN_OBJC_LITERAL_CONVERSION = YES;
				CLANG_WARN_OBJC_ROOT_CLASS = YES_ERROR;
				CLANG_WARN_RANGE_LOOP_ANALYSIS = YES;
				CLANG_WARN_STRICT_PROTOTYPES = YES;
				CLANG_WARN_SUSPICIOUS_MOVE = YES;
				CLANG_WARN_UNGUARDED_AVAILABILITY = YES_AGGRESSIVE;
				CLANG_WARN_UNREACHABLE_CODE = YES;
				CLANG_WARN__DUPLICATE_METHOD_MATCH = YES;
				CODE_SIGN_IDENTITY = "iPhone Developer";
				COPY_PHASE_STRIP = NO;
				DEBUG_INFORMATION_FORMAT = "dwarf-with-dsym";
				ENABLE_NS_ASSERTIONS = NO;
				ENABLE_STRICT_OBJC_MSGSEND = YES;
				GCC_C_LANGUAGE_STANDARD = gnu11;
				GCC_NO_COMMON_BLOCKS = YES;
				GCC_WARN_64_TO_32_BIT_CONVERSION = YES;
				GCC_WARN_ABOUT_RETURN_TYPE = YES_ERROR;
				GCC_WARN_UNDECLARED_SELECTOR = YES;
				GCC_WARN_UNINITIALIZED_AUTOS = YES_AGGRESSIVE;
				GCC_WARN_UNUSED_FUNCTION = YES;
				GCC_WARN_UNUSED_VARIABLE = YES;
				IPHONEOS_DEPLOYMENT_TARGET = 11.2;
				MTL_ENABLE_DEBUG_INFO = NO;
				SDKROOT = iphoneos;
				SWIFT_OPTIMIZATION_LEVEL = "-Owholemodule";
				VALIDATE_PRODUCT = YES;
			};
			name = Release;
		};
		69D445EC203AD01A00DAFD9A /* Debug */ = {
			isa = XCBuildConfiguration;
			buildSettings = {
				ALWAYS_EMBED_SWIFT_STANDARD_LIBRARIES = YES;
				ASSETCATALOG_COMPILER_APPICON_NAME = AppIcon;
				CODE_SIGN_ENTITLEMENTS = AppGroupConf/AppGroupConf.entitlements;
				CODE_SIGN_STYLE = Automatic;
				DEVELOPMENT_TEAM = VFRJXCB5LP;
				INFOPLIST_FILE = AppGroupConf/Info.plist;
				LD_RUNPATH_SEARCH_PATHS = "$(inherited) @executable_path/Frameworks";
				PRODUCT_BUNDLE_IDENTIFIER = com.meetic.ios.cocoaheads.appgroupconf;
				PRODUCT_NAME = "$(TARGET_NAME)";
				SWIFT_VERSION = 4.0;
				TARGETED_DEVICE_FAMILY = "1,2";
			};
			name = Debug;
		};
		69D445ED203AD01A00DAFD9A /* Release */ = {
			isa = XCBuildConfiguration;
			buildSettings = {
				ALWAYS_EMBED_SWIFT_STANDARD_LIBRARIES = YES;
				ASSETCATALOG_COMPILER_APPICON_NAME = AppIcon;
				CODE_SIGN_ENTITLEMENTS = AppGroupConf/AppGroupConf.entitlements;
				CODE_SIGN_STYLE = Automatic;
				DEVELOPMENT_TEAM = VFRJXCB5LP;
				INFOPLIST_FILE = AppGroupConf/Info.plist;
				LD_RUNPATH_SEARCH_PATHS = "$(inherited) @executable_path/Frameworks";
				PRODUCT_BUNDLE_IDENTIFIER = com.meetic.ios.cocoaheads.appgroupconf;
				PRODUCT_NAME = "$(TARGET_NAME)";
				SWIFT_VERSION = 4.0;
				TARGETED_DEVICE_FAMILY = "1,2";
			};
			name = Release;
		};
/* End XCBuildConfiguration section */

/* Begin XCConfigurationList section */
		69D445D4203AD01A00DAFD9A /* Build configuration list for PBXProject "AppGroupConf" */ = {
			isa = XCConfigurationList;
			buildConfigurations = (
				69D445E9203AD01A00DAFD9A /* Debug */,
				69D445EA203AD01A00DAFD9A /* Release */,
			);
			defaultConfigurationIsVisible = 0;
			defaultConfigurationName = Release;
		};
		69D445EB203AD01A00DAFD9A /* Build configuration list for PBXNativeTarget "AppGroupConf" */ = {
			isa = XCConfigurationList;
			buildConfigurations = (
				69D445EC203AD01A00DAFD9A /* Debug */,
				69D445ED203AD01A00DAFD9A /* Release */,
			);
			defaultConfigurationIsVisible = 0;
			defaultConfigurationName = Release;
		};
/* End XCConfigurationList section */
	};
	rootObject = 69D445D1203AD01A00DAFD9A /* Project object */;
}
